
Microsoft Visual Studio Solution File, Format Version 12.00
Project("{FAE04EC0-301F-11D3-BF4B-00C04F79EFBC}") = "HRApp_back", "HRApp_back\HRApp_back.csproj", "{4856BA5A-9AC9-465F-B161-8532FCBF03B0}"
EndProject
Project("{FAE04EC0-301F-11D3-BF4B-00C04F79EFBC}") = "HRApp_back.DataAccess", "HRApp_back.DataAccess\HRApp_back.DataAccess.csproj", "{23284DE5-D4A4-4317-A8C7-32BF4552C60A}"
EndProject
Global
	GlobalSection(SolutionConfigurationPlatforms) = preSolution
		Debug|Any CPU = Debug|Any CPU
		Release|Any CPU = Release|Any CPU
	EndGlobalSection
	GlobalSection(ProjectConfigurationPlatforms) = postSolution
		{4856BA5A-9AC9-465F-B161-8532FCBF03B0}.Debug|Any CPU.ActiveCfg = Debug|Any CPU
		{4856BA5A-9AC9-465F-B161-8532FCBF03B0}.Debug|Any CPU.Build.0 = Debug|Any CPU
		{4856BA5A-9AC9-465F-B161-8532FCBF03B0}.Release|Any CPU.ActiveCfg = Release|Any CPU
		{4856BA5A-9AC9-465F-B161-8532FCBF03B0}.Release|Any CPU.Build.0 = Release|Any CPU
		{23284DE5-D4A4-4317-A8C7-32BF4552C60A}.Debug|Any CPU.ActiveCfg = Debug|Any CPU
		{23284DE5-D4A4-4317-A8C7-32BF4552C60A}.Debug|Any CPU.Build.0 = Debug|Any CPU
		{23284DE5-D4A4-4317-A8C7-32BF4552C60A}.Release|Any CPU.ActiveCfg = Release|Any CPU
		{23284DE5-D4A4-4317-A8C7-32BF4552C60A}.Release|Any CPU.Build.0 = Release|Any CPU
	EndGlobalSection
EndGlobal
